
Microsoft Visual Studio Solution File, Format Version 12.00
# Visual Studio 2013
VisualStudioVersion = 12.0.31101.0
MinimumVisualStudioVersion = 10.0.40219.1
Project("{FAE04EC0-301F-11D3-BF4B-00C04F79EFBC}") = "Calc", "Calc\Calc.csproj", "{20942822-FE2E-4B6B-9C10-F461BAA046A4}"
EndProject
Project("{FAE04EC0-301F-11D3-BF4B-00C04F79EFBC}") = "CalcConsole", "CalcConsole\CalcConsole.csproj", "{2C9A91DE-7AEC-49E4-A9A2-F5F8FBDE8023}"
EndProject
Project("{FAE04EC0-301F-11D3-BF4B-00C04F79EFBC}") = "CalcUnitTests", "CalcUnitTests\CalcUnitTests.csproj", "{EB40A0AB-66BA-4806-9C58-2530F0D26C33}"
EndProject
Global
	GlobalSection(SolutionConfigurationPlatforms) = preSolution
		Debug|Any CPU = Debug|Any CPU
		Release|Any CPU = Release|Any CPU
	EndGlobalSection
	GlobalSection(ProjectConfigurationPlatforms) = postSolution
		{20942822-FE2E-4B6B-9C10-F461BAA046A4}.Debug|Any CPU.ActiveCfg = Debug|Any CPU
		{20942822-FE2E-4B6B-9C10-F461BAA046A4}.Debug|Any CPU.Build.0 = Debug|Any CPU
		{20942822-FE2E-4B6B-9C10-F461BAA046A4}.Release|Any CPU.ActiveCfg = Release|Any CPU
		{20942822-FE2E-4B6B-9C10-F461BAA046A4}.Release|Any CPU.Build.0 = Release|Any CPU
		{2C9A91DE-7AEC-49E4-A9A2-F5F8FBDE8023}.Debug|Any CPU.ActiveCfg = Debug|Any CPU
		{2C9A91DE-7AEC-49E4-A9A2-F5F8FBDE8023}.Debug|Any CPU.Build.0 = Debug|Any CPU
		{2C9A91DE-7AEC-49E4-A9A2-F5F8FBDE8023}.Release|Any CPU.ActiveCfg = Release|Any CPU
		{2C9A91DE-7AEC-49E4-A9A2-F5F8FBDE8023}.Release|Any CPU.Build.0 = Release|Any CPU
		{EB40A0AB-66BA-4806-9C58-2530F0D26C33}.Debug|Any CPU.ActiveCfg = Debug|Any CPU
		{EB40A0AB-66BA-4806-9C58-2530F0D26C33}.Debug|Any CPU.Build.0 = Debug|Any CPU
		{EB40A0AB-66BA-4806-9C58-2530F0D26C33}.Release|Any CPU.ActiveCfg = Release|Any CPU
		{EB40A0AB-66BA-4806-9C58-2530F0D26C33}.Release|Any CPU.Build.0 = Release|Any CPU
	EndGlobalSection
	GlobalSection(SolutionProperties) = preSolution
		HideSolutionNode = FALSE
	EndGlobalSection
EndGlobal
